DEPENDENCIES
  mywin-cookbook
    path: .
    metadata: true

GRAPH
  build-essential (2.2.3)
  chef_handler (1.1.9)
  dmg (2.2.2)
  git (4.2.2)
    build-essential (>= 0.0.0)
    dmg (>= 0.0.0)
    windows (>= 0.0.0)
    yum-epel (>= 0.0.0)
  ms_dotnet2 (1.0.0)
    windows (>= 0.0.0)
  ms_dotnet4 (1.0.2)
    windows (>= 0.0.0)
  ms_dotnet45 (2.0.0)
    windows (>= 0.0.0)
  mywin-cookbook (1.4.7)
    git (>= 0.0.0)
    powershell (>= 0.0.0)
    windows (>= 0.0.0)
  powershell (3.1.0)
    chef_handler (>= 0.0.0)
    ms_dotnet2 (>= 0.0.0)
    ms_dotnet4 (>= 0.0.0)
    ms_dotnet45 (>= 0.0.0)
    windows (>= 1.2.8)
  windows (1.37.0)
    chef_handler (>= 0.0.0)
  yum (3.6.1)
  yum-epel (0.6.2)
    yum (~> 3.2)
